
Microsoft Visual Studio Solution File, Format Version 12.00
# Visual Studio Version 17
VisualStudioVersion = 17.10.35122.118
MinimumVisualStudioVersion = 10.0.40219.1
Project("{FAE04EC0-301F-11D3-BF4B-00C04F79EFBC}") = "online-code-editor", "online-code-editor.csproj", "{B7C3BDFE-E3CD-41D3-B56B-0662A09CD3BC}"
EndProject
Global
	GlobalSection(SolutionConfigurationPlatforms) = preSolution
		Debug|Any CPU = Debug|Any CPU
		Release|Any CPU = Release|Any CPU
	EndGlobalSection
	GlobalSection(ProjectConfigurationPlatforms) = postSolution
		{B7C3BDFE-E3CD-41D3-B56B-0662A09CD3BC}.Debug|Any CPU.ActiveCfg = Debug|Any CPU
		{B7C3BDFE-E3CD-41D3-B56B-0662A09CD3BC}.Debug|Any CPU.Build.0 = Debug|Any CPU
		{B7C3BDFE-E3CD-41D3-B56B-0662A09CD3BC}.Release|Any CPU.ActiveCfg = Release|Any CPU
		{B7C3BDFE-E3CD-41D3-B56B-0662A09CD3BC}.Release|Any CPU.Build.0 = Release|Any CPU
	EndGlobalSection
	GlobalSection(SolutionProperties) = preSolution
		HideSolutionNode = FALSE
	EndGlobalSection
	GlobalSection(ExtensibilityGlobals) = postSolution
		SolutionGuid = {8653045C-3B51-4002-A6A9-B31E12623420}
	EndGlobalSection
EndGlobal
